<Project xmlns="http://schemas.microsoft.com/developer/msbuild/2003">
    <PropertyGroup>
        <ProjectGuid>{46F102F8-D19B-43AB-A117-CDF24F664471}</ProjectGuid>
        <MainSource>GMV_VitalsViewEnter.dpr</MainSource>
        <Base>True</Base>
        <Config Condition="'$(Config)'==''">Debug</Config>
        <ProjectName Condition="'$(ProjectName)'==''">GMV_VitalsViewEnter</ProjectName>
        <TargetedPlatforms>1</TargetedPlatforms>
        <AppType>Library</AppType>
        <FrameworkType>VCL</FrameworkType>
        <ProjectVersion>20.1</ProjectVersion>
        <Platform Condition="'$(Platform)'==''">Win32</Platform>
    </PropertyGroup>
    <PropertyGroup Condition="'$(Config)'=='Base' or '$(Base)'!=''">
        <Base>true</Base>
    </PropertyGroup>
    <PropertyGroup Condition="('$(Platform)'=='Win32' and '$(Base)'=='true') or '$(Base_Win32)'!=''">
        <Base_Win32>true</Base_Win32>
        <CfgParent>Base</CfgParent>
        <Base>true</Base>
    </PropertyGroup>
    <PropertyGroup Condition="('$(Platform)'=='Win64' and '$(Base)'=='true') or '$(Base_Win64)'!=''">
        <Base_Win64>true</Base_Win64>
        <CfgParent>Base</CfgParent>
        <Base>true</Base>
    </PropertyGroup>
    <PropertyGroup Condition="'$(Config)'=='Release' or '$(Cfg_1)'!=''">
        <Cfg_1>true</Cfg_1>
        <CfgParent>Base</CfgParent>
        <Base>true</Base>
    </PropertyGroup>
    <PropertyGroup Condition="'$(Config)'=='Debug' or '$(Cfg_2)'!=''">
        <Cfg_2>true</Cfg_2>
        <CfgParent>Base</CfgParent>
        <Base>true</Base>
    </PropertyGroup>
    <PropertyGroup Condition="'$(Base)'!=''">
        <DCC_E>false</DCC_E>
        <DCC_F>false</DCC_F>
        <DCC_K>false</DCC_K>
        <DCC_N>true</DCC_N>
        <DCC_S>false</DCC_S>
        <DCC_ImageBase>00400000</DCC_ImageBase>
        <DCC_AssertionsAtRuntime>false</DCC_AssertionsAtRuntime>
        <DCC_DebugInformation>1</DCC_DebugInformation>
        <DCC_Optimize>false</DCC_Optimize>
        <DCC_ExeOutput>$(PROJECTDIR)\build\$(Platform)\$(Config)</DCC_ExeOutput>
        <DCC_DcuOutput>$(PROJECTDIR)\dcu\$(Platform)\$(Config)</DCC_DcuOutput>
        <DCC_UnitSearchPath>..\BDK32\Source;..\CPRS-Lib;..\ROR;..\CASMED;..\VSMonitors;..\VitalsUtils;..\VitalsCommon;..\VitalsDataEntry;..\VitalsDateTime;..\VitalsPatient;..\VitalsView;$(DCC_UnitSearchPath)</DCC_UnitSearchPath>
        <DebugSourcePath>..\BDK32\Source;..\CPRS-Lib;..\ROR;..\CASMED;..\VSMonitors;..\VitalsUtils;..\VitalsCommon;..\VitalsDataEntry;..\VitalsDateTime;..\VitalsPatient;..\VitalsView;$(DebugSourcePath)</DebugSourcePath>
        <DCC_UsePackage>rtl;vcl;vclx;xmlrtl;dbrtl;soaprtl;vcldb;$(DCC_UsePackage)</DCC_UsePackage>
        <DCC_Define>DLL;USEVSMONITOR;CQ6942;LINES;AANTEST;NO3D;NOVTREE;NOTSMPACK;T20;TMGVERSION;TMG_ADD_NORMALS;$(DCC_Define)</DCC_Define>
        <GenDll>true</GenDll>
        <SanitizedProjectName>GMV_VitalsViewEnter</SanitizedProjectName>
        <DCC_Namespace>Vcl;Vcl.Imaging;Vcl.Touch;Vcl.Samples;Vcl.Shell;System;Xml;Data;Datasnap;Web;Soap;Winapi;VCLTee;$(DCC_Namespace)</DCC_Namespace>
        <VerInfo_IncludeVerInfo>true</VerInfo_IncludeVerInfo>
        <VerInfo_MajorVer>5</VerInfo_MajorVer>
        <VerInfo_Release>3</VerInfo_Release>
        <VerInfo_Build>19</VerInfo_Build>
        <VerInfo_Debug>true</VerInfo_Debug>
        <VerInfo_PreRelease>true</VerInfo_PreRelease>
        <VerInfo_DLL>true</VerInfo_DLL>
        <VerInfo_Locale>1033</VerInfo_Locale>
        <VerInfo_Keys>CompanyName=Department of Veterans Affairs;FileDescription=5.0 Patch GMRV*5*3;FileVersion=5.0.3.19;InternalName=Vitals View/Enter;LegalCopyright=© 2005;LegalTrademarks=;OriginalFilename=;ProductName=Vitals Lite;ProductVersion=5.0.3.19;Comments=v. 03/14/06 16:35;VASourceInformation=Developed by the Department of Veterans Affairs;VANamespace=GMRV;VAReleaseDate=October 2002</VerInfo_Keys>
    </PropertyGroup>
    <PropertyGroup Condition="'$(Base_Win32)'!=''">
        <DCC_Namespace>System.Win;Data.Win;Datasnap.Win;Web.Win;Soap.Win;Xml.Win;Bde;$(DCC_Namespace)</DCC_Namespace>
        <BT_BuildType>Debug</BT_BuildType>
        <VerInfo_IncludeVerInfo>true</VerInfo_IncludeVerInfo>
        <VerInfo_Keys>CompanyName=;FileDescription=$(MSBuildProjectName);FileVersion=1.0.0.0;InternalName=;LegalCopyright=;LegalTrademarks=;OriginalFilename=;ProductName=$(MSBuildProjectName);ProductVersion=1.0.0.0;Comments=;ProgramID=com.embarcadero.$(MSBuildProjectName)</VerInfo_Keys>
        <VerInfo_Locale>1033</VerInfo_Locale>
        <Icon_MainIcon>GMV_VitalsViewEnter_Icon.ico</Icon_MainIcon>
    </PropertyGroup>
    <PropertyGroup Condition="'$(Base_Win64)'!=''">
        <Icon_MainIcon>GMV_VitalsViewEnter_Icon.ico</Icon_MainIcon>
    </PropertyGroup>
    <PropertyGroup Condition="'$(Cfg_1)'!=''">
        <DCC_Define>RELEASE;$(DCC_Define)</DCC_Define>
        <DCC_DebugInformation>0</DCC_DebugInformation>
        <DCC_LocalDebugSymbols>false</DCC_LocalDebugSymbols>
        <DCC_SymbolReferenceInfo>0</DCC_SymbolReferenceInfo>
    </PropertyGroup>
    <PropertyGroup Condition="'$(Cfg_2)'!=''">
        <DCC_Define>DEBUG;$(DCC_Define)</DCC_Define>
        <DCC_GenerateStackFrames>true</DCC_GenerateStackFrames>
        <DCC_RangeChecking>true</DCC_RangeChecking>
        <DCC_IntegerOverflowCheck>true</DCC_IntegerOverflowCheck>
    </PropertyGroup>
    <ItemGroup>
        <DelphiCompile Include="$(MainSource)">
            <MainSource>MainSource</MainSource>
        </DelphiCompile>
        <DCCReference Include="..\VitalsView\frmPatientVitals.pas">
            <Form>frmVitals</Form>
        </DCCReference>
        <DCCReference Include="..\VitalsView\fGMV_ShowSingleVital.pas">
            <Form>frmGMV_ShowSingleVital</Form>
        </DCCReference>
        <DCCReference Include="..\VitalsCommon\fGMV_DateRange.pas">
            <Form>frmGMV_DateRange</Form>
        </DCCReference>
        <DCCReference Include="..\VitalsUtils\uGMV_GlobalVars.pas"/>
        <DCCReference Include="..\VitalsUtils\uGMV_Const.pas"/>
        <DCCReference Include="..\VitalsCommon\uGMV_User.pas"/>
        <DCCReference Include="..\VitalsCommon\uGMV_FileEntry.pas"/>
        <DCCReference Include="..\VitalsUtils\uGMV_Utils.pas"/>
        <DCCReference Include="..\VitalsDataEntry\fGMV_InputLite.pas">
            <Form>frmGMV_InputLite</Form>
        </DCCReference>
        <DCCReference Include="..\VitalsDataEntry\mGMV_Lookup.pas">
            <Form>fraGMV_Lookup</Form>
            <DesignClass>TFrame</DesignClass>
        </DCCReference>
        <DCCReference Include="..\VitalsDataEntry\uGMV_Template.pas"/>
        <DCCReference Include="..\VitalsDataEntry\mGMV_InputOne2.pas">
            <Form>fraGMV_InputOne2</Form>
            <DesignClass>TFrame</DesignClass>
        </DCCReference>
        <DCCReference Include="..\VitalsDataEntry\fGMV_SupO2.pas">
            <Form>frmGMV_SupO2</Form>
        </DCCReference>
        <DCCReference Include="..\VitalsDataEntry\fGMV_Qualifiers.pas">
            <Form>frmGMV_Qualifiers</Form>
        </DCCReference>
        <DCCReference Include="..\VitalsDataEntry\uGMV_QualifyBox.pas"/>
        <DCCReference Include="..\VitalsCommon\uGMV_SaveRestore.pas"/>
        <DCCReference Include="..\VitalsDateTime\frmGMV_DateTime.pas">
            <Form>fGMV_DateTime</Form>
        </DCCReference>
        <DCCReference Include="..\VitalsPatient\fGMV_PtSelect.pas">
            <Form>frmGMV_PtSelect</Form>
        </DCCReference>
        <DCCReference Include="..\VitalsCommon\uGMV_VitalTypes.pas"/>
        <DCCReference Include="..\VitalsCommon\uGMV_Patient.pas"/>
        <DCCReference Include="..\VitalsCommon\mGMV_MDateTime.pas"/>
        <DCCReference Include="..\VitalsUtils\uGMV_Common.pas"/>
        <DCCReference Include="..\VitalsView\mGMV_GridGraph.pas">
            <Form>fraGMV_GridGraph</Form>
            <DesignClass>TFrame</DesignClass>
        </DCCReference>
        <DCCReference Include="..\VitalsUtils\uGMV_VersionInfo.pas"/>
        <DCCReference Include="..\ROR\fROR_PCall.pas">
            <Form>RPCErrorForm</Form>
        </DCCReference>
        <DCCReference Include="..\ROR\uROR_RPCBroker.pas"/>
        <DCCReference Include="..\CASMED\uVHA_ATE740X.pas"/>
        <DCCReference Include="..\CASMED\RS232.pas"/>
        <DCCReference Include="..\VitalsDataEntry\fGMV_InputTemp.pas">
            <Form>frmGMV_InputTemp</Form>
        </DCCReference>
        <DCCReference Include="..\VitalsUtils\uGMV_Engine.pas"/>
        <DCCReference Include="..\VitalsUtils\uGMV_EXEVersion.pas"/>
        <DCCReference Include="..\VitalsCommon\uGMV_Setup.pas"/>
        <DCCReference Include="..\VitalsDataEntry\fGMV_EnteredInError.pas">
            <Form>frmGMV_EnteredInError</Form>
        </DCCReference>
        <DCCReference Include="..\VitalsUtils\uGMV_DLLCommon.pas"/>
        <DCCReference Include="..\VSMonitors\uGMV_Monitor.pas"/>
        <DCCReference Include="..\VitalsPatient\fGMV_PtInfo.pas">
            <Form>fraGMV_PatientInfo</Form>
        </DCCReference>
        <DCCReference Include="..\VitalsCommon\fGMV_AboutDlg.pas">
            <Form>frmGMV_AboutDlg</Form>
        </DCCReference>
        <DCCReference Include="..\VitalsView\fGMV_Info.pas">
            <Form>frmGMV_Info</Form>
        </DCCReference>
        <DCCReference Include="..\VitalsDataEntry\fGMV_HospitalSelector2.pas">
            <Form>frmGMV_HospitalSelector2</Form>
        </DCCReference>
        <BuildConfiguration Include="Base">
            <Key>Base</Key>
        </BuildConfiguration>
        <BuildConfiguration Include="Release">
            <Key>Cfg_1</Key>
            <CfgParent>Base</CfgParent>
        </BuildConfiguration>
        <BuildConfiguration Include="Debug">
            <Key>Cfg_2</Key>
            <CfgParent>Base</CfgParent>
        </BuildConfiguration>
    </ItemGroup>
    <ProjectExtensions>
        <Borland.Personality>Delphi.Personality.12</Borland.Personality>
        <Borland.ProjectType/>
        <BorlandProject>
            <Delphi.Personality>
                <Source>
                    <Source Name="MainSource">GMV_VitalsViewEnter.dpr</Source>
                </Source>
            </Delphi.Personality>
            <Platforms>
                <Platform value="Win32">True</Platform>
                <Platform value="Win64">False</Platform>
            </Platforms>
        </BorlandProject>
        <ProjectFileVersion>12</ProjectFileVersion>
    </ProjectExtensions>
    <Import Project="$(BDS)\Bin\CodeGear.Delphi.Targets" Condition="Exists('$(BDS)\Bin\CodeGear.Delphi.Targets')"/>
    <Import Project="$(APPDATA)\Embarcadero\$(BDSAPPDATABASEDIR)\$(PRODUCTVERSION)\UserTools.proj" Condition="Exists('$(APPDATA)\Embarcadero\$(BDSAPPDATABASEDIR)\$(PRODUCTVERSION)\UserTools.proj')"/>
</Project>
